
Microsoft Visual Studio Solution File, Format Version 12.00
# Visual Studio Version 17
VisualStudioVersion = 17.3.32901.215
MinimumVisualStudioVersion = 10.0.40219.1
Project("{FAE04EC0-301F-11D3-BF4B-00C04F79EFBC}") = "Chatbox", "Chatbox\Chatbox.csproj", "{C759ED15-58DA-48E7-9D7B-29D62AE72C05}"
EndProject
Project("{FAE04EC0-301F-11D3-BF4B-00C04F79EFBC}") = "Client", "Client\Client.csproj", "{1CF84A54-B5D2-40ED-8728-A93953F4B2D3}"
EndProject
Global
	GlobalSection(SolutionConfigurationPlatforms) = preSolution
		Debug|Any CPU = Debug|Any CPU
		Release|Any CPU = Release|Any CPU
	EndGlobalSection
	GlobalSection(ProjectConfigurationPlatforms) = postSolution
		{C759ED15-58DA-48E7-9D7B-29D62AE72C05}.Debug|Any CPU.ActiveCfg = Debug|Any CPU
		{C759ED15-58DA-48E7-9D7B-29D62AE72C05}.Debug|Any CPU.Build.0 = Debug|Any CPU
		{C759ED15-58DA-48E7-9D7B-29D62AE72C05}.Release|Any CPU.ActiveCfg = Release|Any CPU
		{C759ED15-58DA-48E7-9D7B-29D62AE72C05}.Release|Any CPU.Build.0 = Release|Any CPU
		{1CF84A54-B5D2-40ED-8728-A93953F4B2D3}.Debug|Any CPU.ActiveCfg = Debug|Any CPU
		{1CF84A54-B5D2-40ED-8728-A93953F4B2D3}.Debug|Any CPU.Build.0 = Debug|Any CPU
		{1CF84A54-B5D2-40ED-8728-A93953F4B2D3}.Release|Any CPU.ActiveCfg = Release|Any CPU
		{1CF84A54-B5D2-40ED-8728-A93953F4B2D3}.Release|Any CPU.Build.0 = Release|Any CPU
	EndGlobalSection
	GlobalSection(SolutionProperties) = preSolution
		HideSolutionNode = FALSE
	EndGlobalSection
	GlobalSection(ExtensibilityGlobals) = postSolution
		SolutionGuid = {2E37B972-2B15-403A-A0A0-A3DE467C808A}
	EndGlobalSection
EndGlobal
